// !$*UTF8*$!
{
	archiveVersion = 1;
	classes = {
	};
	objectVersion = 46;
	objects = {

/* Begin PBXBuildFile section */
		6A04128619F9A46800A4B418 /* main.m in Sources */ = {isa = PBXBuildFile; fileRef = 6A04128519F9A46800A4B418 /* main.m */; };
		6A04128919F9A46800A4B418 /* AppDelegate.m in Sources */ = {isa = PBXBuildFile; fileRef = 6A04128819F9A46800A4B418 /* AppDelegate.m */; };
		6A04128C19F9A46800A4B418 /* ViewController.m in Sources */ = {isa = PBXBuildFile; fileRef = 6A04128B19F9A46800A4B418 /* ViewController.m */; };
		6A04128F19F9A46800A4B418 /* Main.storyboard in Resources */ = {isa = PBXBuildFile; fileRef = 6A04128D19F9A46800A4B418 /* Main.storyboard */; };
		6A04129119F9A46800A4B418 /* Images.xcassets in Resources */ = {isa = PBXBuildFile; fileRef = 6A04129019F9A46800A4B418 /* Images.xcassets */; };
		6A0412AB19F9A90800A4B418 /* CellOfLuvCollectionViewCell.m in Sources */ = {isa = PBXBuildFile; fileRef = 6A0412AA19F9A90800A4B418 /* CellOfLuvCollectionViewCell.m */; };
		B38ADD471D35969C76409A64 /* libPods-ResizingReorderableCollectionView.a in Frameworks */ = {isa = PBXBuildFile; fileRef = D8376E3704B5EEE5A005EE28 /* libPods-ResizingReorderableCollectionView.a */; };
/* End PBXBuildFile section */

/* Begin PBXFileReference section */
		2CC74BE35DE8ECAB3DC514CC /* Pods-ResizingReorderableCollectionView.release.xcconfig */ = {isa = PBXFileReference; includeInIndex = 1; lastKnownFileType = text.xcconfig; name = "Pods-ResizingReorderableCollectionView.release.xcconfig"; path = "Pods/Target Support Files/Pods-ResizingReorderableCollectionView/Pods-ResizingReorderableCollectionView.release.xcconfig"; sourceTree = "<group>"; };
		31607604867051662729D245 /* Pods-ResizingReorderableCollectionView.debug.xcconfig */ = {isa = PBXFileReference; includeInIndex = 1; lastKnownFileType = text.xcconfig; name = "Pods-ResizingReorderableCollectionView.debug.xcconfig"; path = "Pods/Target Support Files/Pods-ResizingReorderableCollectionView/Pods-ResizingReorderableCollectionView.debug.xcconfig"; sourceTree = "<group>"; };
		6A04128019F9A46800A4B418 /* ResizingReorderableCollectionView.app */ = {isa = PBXFileReference; explicitFileType = wrapper.application; includeInIndex = 0; path = ResizingReorderableCollectionView.app; sourceTree = BUILT_PRODUCTS_DIR; };
		6A04128419F9A46800A4B418 /* Info.plist */ = {isa = PBXFileReference; lastKnownFileType = text.plist.xml; path = Info.plist; sourceTree = "<group>"; };
		6A04128519F9A46800A4B418 /* main.m */ = {isa = PBXFileReference; lastKnownFileType = sourcecode.c.objc; path = main.m; sourceTree = "<group>"; };
		6A04128719F9A46800A4B418 /* AppDelegate.h */ = {isa = PBXFileReference; lastKnownFileType = sourcecode.c.h; path = AppDelegate.h; sourceTree = "<group>"; };
		6A04128819F9A46800A4B418 /* AppDelegate.m */ = {isa = PBXFileReference; lastKnownFileType = sourcecode.c.objc; path = AppDelegate.m; sourceTree = "<group>"; };
		6A04128A19F9A46800A4B418 /* ViewController.h */ = {isa = PBXFileReference; lastKnownFileType = sourcecode.c.h; path = ViewController.h; sourceTree = "<group>"; };
		6A04128B19F9A46800A4B418 /* ViewController.m */ = {isa = PBXFileReference; lastKnownFileType = sourcecode.c.objc; path = ViewController.m; sourceTree = "<group>"; };
		6A04128E19F9A46800A4B418 /* Base */ = {isa = PBXFileReference; lastKnownFileType = file.storyboard; name = Base; path = Base.lproj/Main.storyboard; sourceTree = "<group>"; };
		6A04129019F9A46800A4B418 /* Images.xcassets */ = {isa = PBXFileReference; lastKnownFileType = folder.assetcatalog; path = Images.xcassets; sourceTree = "<group>"; };
		6A0412A919F9A90800A4B418 /* CellOfLuvCollectionViewCell.h */ = {isa = PBXFileReference; fileEncoding = 4; lastKnownFileType = sourcecode.c.h; path = CellOfLuvCollectionViewCell.h; sourceTree = "<group>"; };
		6A0412AA19F9A90800A4B418 /* CellOfLuvCollectionViewCell.m */ = {isa = PBXFileReference; fileEncoding = 4; lastKnownFileType = sourcecode.c.objc; path = CellOfLuvCollectionViewCell.m; sourceTree = "<group>"; };
		D8376E3704B5EEE5A005EE28 /* libPods-ResizingReorderableCollectionView.a */ = {isa = PBXFileReference; explicitFileType = archive.ar; includeInIndex = 0; path = "libPods-ResizingReorderableCollectionView.a"; sourceTree = BUILT_PRODUCTS_DIR; };
/* End PBXFileReference section */

/* Begin PBXFrameworksBuildPhase section */
		6A04127D19F9A46800A4B418 /* Frameworks */ = {
			isa = PBXFrameworksBuildPhase;
			buildActionMask = 2147483647;
			files = (
				B38ADD471D35969C76409A64 /* libPods-ResizingReorderableCollectionView.a in Frameworks */,
			);
			runOnlyForDeploymentPostprocessing = 0;
		};
/* End PBXFrameworksBuildPhase section */

/* Begin PBXGroup section */
		445CEC341363556B2227C128 /* Frameworks */ = {
			isa = PBXGroup;
			children = (
				D8376E3704B5EEE5A005EE28 /* libPods-ResizingReorderableCollectionView.a */,
			);
			name = Frameworks;
			sourceTree = "<group>";
		};
		6A04127719F9A46800A4B418 = {
			isa = PBXGroup;
			children = (
				6A04128219F9A46800A4B418 /* ResizingReorderableCollectionView */,
				6A04128119F9A46800A4B418 /* Products */,
				7D85418EB276F3BC156C6A8E /* Pods */,
				445CEC341363556B2227C128 /* Frameworks */,
			);
			sourceTree = "<group>";
		};
		6A04128119F9A46800A4B418 /* Products */ = {
			isa = PBXGroup;
			children = (
				6A04128019F9A46800A4B418 /* ResizingReorderableCollectionView.app */,
			);
			name = Products;
			sourceTree = "<group>";
		};
		6A04128219F9A46800A4B418 /* ResizingReorderableCollectionView */ = {
			isa = PBXGroup;
			children = (
				6A04128719F9A46800A4B418 /* AppDelegate.h */,
				6A04128819F9A46800A4B418 /* AppDelegate.m */,
				6A0412A919F9A90800A4B418 /* CellOfLuvCollectionViewCell.h */,
				6A0412AA19F9A90800A4B418 /* CellOfLuvCollectionViewCell.m */,
				6A04128A19F9A46800A4B418 /* ViewController.h */,
				6A04128B19F9A46800A4B418 /* ViewController.m */,
				6A04129019F9A46800A4B418 /* Images.xcassets */,
				6A04128D19F9A46800A4B418 /* Main.storyboard */,
				6A04128319F9A46800A4B418 /* Supporting Files */,
			);
			path = ResizingReorderableCollectionView;
			sourceTree = "<group>";
		};
		6A04128319F9A46800A4B418 /* Supporting Files */ = {
			isa = PBXGroup;
			children = (
				6A04128419F9A46800A4B418 /* Info.plist */,
				6A04128519F9A46800A4B418 /* main.m */,
			);
			name = "Supporting Files";
			sourceTree = "<group>";
		};
		7D85418EB276F3BC156C6A8E /* Pods */ = {
			isa = PBXGroup;
			children = (
				31607604867051662729D245 /* Pods-ResizingReorderableCollectionView.debug.xcconfig */,
				2CC74BE35DE8ECAB3DC514CC /* Pods-ResizingReorderableCollectionView.release.xcconfig */,
			);
			name = Pods;
			sourceTree = "<group>";
		};
/* End PBXGroup section */

/* Begin PBXNativeTarget section */
		6A04127F19F9A46800A4B418 /* ResizingReorderableCollectionView */ = {
			isa = PBXNativeTarget;
			buildConfigurationList = 6A0412A319F9A46800A4B418 /* Build configuration list for PBXNativeTarget "ResizingReorderableCollectionView" */;
			buildPhases = (
				6A9638040EC4077C994E5BC7 /* Check Pods Manifest.lock */,
				6A04127C19F9A46800A4B418 /* Sources */,
				6A04127D19F9A46800A4B418 /* Frameworks */,
				6A04127E19F9A46800A4B418 /* Resources */,
				D26F1601F250FECDB52ABFA3 /* Copy Pods Resources */,
			);
			buildRules = (
			);
			dependencies = (
			);
			name = ResizingReorderableCollectionView;
			productName = ResizingReorderableCollectionView;
			productReference = 6A04128019F9A46800A4B418 /* ResizingReorderableCollectionView.app */;
			productType = "com.apple.product-type.application";
		};
/* End PBXNativeTarget section */

/* Begin PBXProject section */
		6A04127819F9A46800A4B418 /* Project object */ = {
			isa = PBXProject;
			attributes = {
				LastUpgradeCheck = 0610;
				ORGANIZATIONNAME = "Appbindery LLC";
				TargetAttributes = {
					6A04127F19F9A46800A4B418 = {
						CreatedOnToolsVersion = 6.1;
					};
				};
			};
			buildConfigurationList = 6A04127B19F9A46800A4B418 /* Build configuration list for PBXProject "ResizingReorderableCollectionView" */;
			compatibilityVersion = "Xcode 3.2";
			developmentRegion = English;
			hasScannedForEncodings = 0;
			knownRegions = (
				en,
				Base,
			);
			mainGroup = 6A04127719F9A46800A4B418;
			productRefGroup = 6A04128119F9A46800A4B418 /* Products */;
			projectDirPath = "";
			projectRoot = "";
			targets = (
				6A04127F19F9A46800A4B418 /* ResizingReorderableCollectionView */,
			);
		};
/* End PBXProject section */

/* Begin PBXResourcesBuildPhase section */
		6A04127E19F9A46800A4B418 /* Resources */ = {
			isa = PBXResourcesBuildPhase;
			buildActionMask = 2147483647;
			files = (
				6A04128F19F9A46800A4B418 /* Main.storyboard in Resources */,
				6A04129119F9A46800A4B418 /* Images.xcassets in Resources */,
			);
			runOnlyForDeploymentPostprocessing = 0;
		};
/* End PBXResourcesBuildPhase section */

/* Begin PBXShellScriptBuildPhase section */
		6A9638040EC4077C994E5BC7 /* Check Pods Manifest.lock */ = {
			isa = PBXShellScriptBuildPhase;
			buildActionMask = 2147483647;
			files = (
			);
			inputPaths = (
			);
			name = "Check Pods Manifest.lock";
			outputPaths = (
			);
			runOnlyForDeploymentPostprocessing = 0;
			shellPath = /bin/sh;
			shellScript = "diff \"${PODS_ROOT}/../Podfile.lock\" \"${PODS_ROOT}/Manifest.lock\" > /dev/null\nif [[ $? != 0 ]] ; then\n    cat << EOM\nerror: The sandbox is not in sync with the Podfile.lock. Run 'pod install' or update your CocoaPods installation.\nEOM\n    exit 1\nfi\n";
			showEnvVarsInLog = 0;
		};
		D26F1601F250FECDB52ABFA3 /* Copy Pods Resources */ = {
			isa = PBXShellScriptBuildPhase;
			buildActionMask = 2147483647;
			files = (
			);
			inputPaths = (
			);
			name = "Copy Pods Resources";
			outputPaths = (
			);
			runOnlyForDeploymentPostprocessing = 0;
			shellPath = /bin/sh;
			shellScript = "\"${SRCROOT}/Pods/Target Support Files/Pods-ResizingReorderableCollectionView/Pods-ResizingReorderableCollectionView-resources.sh\"\n";
			showEnvVarsInLog = 0;
		};
/* End PBXShellScriptBuildPhase section */

/* Begin PBXSourcesBuildPhase section */
		6A04127C19F9A46800A4B418 /* Sources */ = {
			isa = PBXSourcesBuildPhase;
			buildActionMask = 2147483647;
			files = (
				6A04128C19F9A46800A4B418 /* ViewController.m in Sources */,
				6A04128919F9A46800A4B418 /* AppDelegate.m in Sources */,
				6A04128619F9A46800A4B418 /* main.m in Sources */,
				6A0412AB19F9A90800A4B418 /* CellOfLuvCollectionViewCell.m in Sources */,
			);
			runOnlyForDeploymentPostprocessing = 0;
		};
/* End PBXSourcesBuildPhase section */

/* Begin PBXVariantGroup section */
		6A04128D19F9A46800A4B418 /* Main.storyboard */ = {
			isa = PBXVariantGroup;
			children = (
				6A04128E19F9A46800A4B418 /* Base */,
			);
			name = Main.storyboard;
			sourceTree = "<group>";
		};
/* End PBXVariantGroup section */

/* Begin XCBuildConfiguration section */
		6A0412A119F9A46800A4B418 /* Debug */ = {
			isa = XCBuildConfiguration;
			buildSettings = {
				ALWAYS_SEARCH_USER_PATHS = NO;
				CLANG_CXX_LANGUAGE_STANDARD = "gnu++0x";
				CLANG_CXX_LIBRARY = "libc++";
				CLANG_ENABLE_MODULES = YES;
				CLANG_ENABLE_OBJC_ARC = YES;
				CLANG_WARN_BOOL_CONVERSION = YES;
				CLANG_WARN_CONSTANT_CONVERSION = YES;
				CLANG_WARN_DIRECT_OBJC_ISA_USAGE = YES_ERROR;
				CLANG_WARN_EMPTY_BODY = YES;
				CLANG_WARN_ENUM_CONVERSION = YES;
				CLANG_WARN_INT_CONVERSION = YES;
				CLANG_WARN_OBJC_ROOT_CLASS = YES_ERROR;
				CLANG_WARN_UNREACHABLE_CODE = YES;
				CLANG_WARN__DUPLICATE_METHOD_MATCH = YES;
				"CODE_SIGN_IDENTITY[sdk=iphoneos*]" = "iPhone Developer";
				COPY_PHASE_STRIP = NO;
				ENABLE_STRICT_OBJC_MSGSEND = YES;
				GCC_C_LANGUAGE_STANDARD = gnu99;
				GCC_DYNAMIC_NO_PIC = NO;
				GCC_OPTIMIZATION_LEVEL = 0;
				GCC_PREPROCESSOR_DEFINITIONS = (
					"DEBUG=1",
					"$(inherited)",
				);
				GCC_SYMBOLS_PRIVATE_EXTERN = NO;
				GCC_WARN_64_TO_32_BIT_CONVERSION = YES;
				GCC_WARN_ABOUT_RETURN_TYPE = YES_ERROR;
				GCC_WARN_UNDECLARED_SELECTOR = YES;
				GCC_WARN_UNINITIALIZED_AUTOS = YES_AGGRESSIVE;
				GCC_WARN_UNUSED_FUNCTION = YES;
				GCC_WARN_UNUSED_VARIABLE = YES;
				IPHONEOS_DEPLOYMENT_TARGET = 7.0;
				MTL_ENABLE_DEBUG_INFO = YES;
				ONLY_ACTIVE_ARCH = YES;
				SDKROOT = iphoneos;
			};
			name = Debug;
		};
		6A0412A219F9A46800A4B418 /* Release */ = {
			isa = XCBuildConfiguration;
			buildSettings = {
				ALWAYS_SEARCH_USER_PATHS = NO;
				CLANG_CXX_LANGUAGE_STANDARD = "gnu++0x";
				CLANG_CXX_LIBRARY = "libc++";
				CLANG_ENABLE_MODULES = YES;
				CLANG_ENABLE_OBJC_ARC = YES;
				CLANG_WARN_BOOL_CONVERSION = YES;
				CLANG_WARN_CONSTANT_CONVERSION = YES;
				CLANG_WARN_DIRECT_OBJC_ISA_USAGE = YES_ERROR;
				CLANG_WARN_EMPTY_BODY = YES;
				CLANG_WARN_ENUM_CONVERSION = YES;
				CLANG_WARN_INT_CONVERSION = YES;
				CLANG_WARN_OBJC_ROOT_CLASS = YES_ERROR;
				CLANG_WARN_UNREACHABLE_CODE = YES;
				CLANG_WARN__DUPLICATE_METHOD_MATCH = YES;
				"CODE_SIGN_IDENTITY[sdk=iphoneos*]" = "iPhone Developer";
				COPY_PHASE_STRIP = YES;
				ENABLE_NS_ASSERTIONS = NO;
				ENABLE_STRICT_OBJC_MSGSEND = YES;
				GCC_C_LANGUAGE_STANDARD = gnu99;
				GCC_WARN_64_TO_32_BIT_CONVERSION = YES;
				GCC_WARN_ABOUT_RETURN_TYPE = YES_ERROR;
				GCC_WARN_UNDECLARED_SELECTOR = YES;
				GCC_WARN_UNINITIALIZED_AUTOS = YES_AGGRESSIVE;
				GCC_WARN_UNUSED_FUNCTION = YES;
				GCC_WARN_UNUSED_VARIABLE = YES;
				IPHONEOS_DEPLOYMENT_TARGET = 7.0;
				MTL_ENABLE_DEBUG_INFO = NO;
				SDKROOT = iphoneos;
				VALIDATE_PRODUCT = YES;
			};
			name = Release;
		};
		6A0412A419F9A46800A4B418 /* Debug */ = {
			isa = XCBuildConfiguration;
			baseConfigurationReference = 31607604867051662729D245 /* Pods-ResizingReorderableCollectionView.debug.xcconfig */;
			buildSettings = {
				ASSETCATALOG_COMPILER_APPICON_NAME = AppIcon;
				ASSETCATALOG_COMPILER_LAUNCHIMAGE_NAME = LaunchImage;
				INFOPLIST_FILE = ResizingReorderableCollectionView/Info.plist;
				LD_RUNPATH_SEARCH_PATHS = "$(inherited) @executable_path/Frameworks";
				PRODUCT_NAME = "$(TARGET_NAME)";
			};
			name = Debug;
		};
		6A0412A519F9A46800A4B418 /* Release */ = {
			isa = XCBuildConfiguration;
			baseConfigurationReference = 2CC74BE35DE8ECAB3DC514CC /* Pods-ResizingReorderableCollectionView.release.xcconfig */;
			buildSettings = {
				ASSETCATALOG_COMPILER_APPICON_NAME = AppIcon;
				ASSETCATALOG_COMPILER_LAUNCHIMAGE_NAME = LaunchImage;
				INFOPLIST_FILE = ResizingReorderableCollectionView/Info.plist;
				LD_RUNPATH_SEARCH_PATHS = "$(inherited) @executable_path/Frameworks";
				PRODUCT_NAME = "$(TARGET_NAME)";
			};
			name = Release;
		};
/* End XCBuildConfiguration section */

/* Begin XCConfigurationList section */
		6A04127B19F9A46800A4B418 /* Build configuration list for PBXProject "ResizingReorderableCollectionView" */ = {
			isa = XCConfigurationList;
			buildConfigurations = (
				6A0412A119F9A46800A4B418 /* Debug */,
				6A0412A219F9A46800A4B418 /* Release */,
			);
			defaultConfigurationIsVisible = 0;
			defaultConfigurationName = Release;
		};
		6A0412A319F9A46800A4B418 /* Build configuration list for PBXNativeTarget "ResizingReorderableCollectionView" */ = {
			isa = XCConfigurationList;
			buildConfigurations = (
				6A0412A419F9A46800A4B418 /* Debug */,
				6A0412A519F9A46800A4B418 /* Release */,
			);
			defaultConfigurationIsVisible = 0;
			defaultConfigurationName = Release;
		};
/* End XCConfigurationList section */
	};
	rootObject = 6A04127819F9A46800A4B418 /* Project object */;
}
